
Microsoft Visual Studio Solution File, Format Version 12.00
# Visual Studio Version 16
VisualStudioVersion = 16.0.29905.134
MinimumVisualStudioVersion = 10.0.40219.1
Project("{9A19103F-16F7-4668-BE54-9A1E7A4F7556}") = "EmployerManager", "EmployerManager\EmployerManager.csproj", "{96097E9F-9E59-469C-9C54-166D7100C09E}"
EndProject
Project("{FAE04EC0-301F-11D3-BF4B-00C04F79EFBC}") = "EmployerManager.Domain", "EmployerManager.Domain\EmployerManager.Domain.csproj", "{2C798B25-BF85-443D-9EEF-409670744975}"
EndProject
Project("{FAE04EC0-301F-11D3-BF4B-00C04F79EFBC}") = "EmployerManager.Repository", "EmployerManager.Repository\EmployerManager.Repository.csproj", "{BD89A821-0690-4E8F-9D5A-8F41437E3871}"
EndProject
Global
	GlobalSection(SolutionConfigurationPlatforms) = preSolution
		Debug|Any CPU = Debug|Any CPU
		Release|Any CPU = Release|Any CPU
	EndGlobalSection
	GlobalSection(ProjectConfigurationPlatforms) = postSolution
		{96097E9F-9E59-469C-9C54-166D7100C09E}.Debug|Any CPU.ActiveCfg = Debug|Any CPU
		{96097E9F-9E59-469C-9C54-166D7100C09E}.Debug|Any CPU.Build.0 = Debug|Any CPU
		{96097E9F-9E59-469C-9C54-166D7100C09E}.Release|Any CPU.ActiveCfg = Release|Any CPU
		{96097E9F-9E59-469C-9C54-166D7100C09E}.Release|Any CPU.Build.0 = Release|Any CPU
		{2C798B25-BF85-443D-9EEF-409670744975}.Debug|Any CPU.ActiveCfg = Debug|Any CPU
		{2C798B25-BF85-443D-9EEF-409670744975}.Debug|Any CPU.Build.0 = Debug|Any CPU
		{2C798B25-BF85-443D-9EEF-409670744975}.Release|Any CPU.ActiveCfg = Release|Any CPU
		{2C798B25-BF85-443D-9EEF-409670744975}.Release|Any CPU.Build.0 = Release|Any CPU
		{BD89A821-0690-4E8F-9D5A-8F41437E3871}.Debug|Any CPU.ActiveCfg = Debug|Any CPU
		{BD89A821-0690-4E8F-9D5A-8F41437E3871}.Debug|Any CPU.Build.0 = Debug|Any CPU
		{BD89A821-0690-4E8F-9D5A-8F41437E3871}.Release|Any CPU.ActiveCfg = Release|Any CPU
		{BD89A821-0690-4E8F-9D5A-8F41437E3871}.Release|Any CPU.Build.0 = Release|Any CPU
	EndGlobalSection
	GlobalSection(SolutionProperties) = preSolution
		HideSolutionNode = FALSE
	EndGlobalSection
	GlobalSection(ExtensibilityGlobals) = postSolution
		SolutionGuid = {F296E92D-875F-411D-9988-D89DBFA6442D}
	EndGlobalSection
EndGlobal
